
Microsoft Visual Studio Solution File, Format Version 12.00
# Visual Studio Version 17
VisualStudioVersion = 17.10.34916.146
MinimumVisualStudioVersion = 10.0.40219.1
Project("{FAE04EC0-301F-11D3-BF4B-00C04F79EFBC}") = "C#-TinhTienVonVaLai", "C#-TinhTienVonVaLai.csproj", "{8AD46367-BF52-4E2D-9525-4F34720D3162}"
EndProject
Global
	GlobalSection(SolutionConfigurationPlatforms) = preSolution
		Debug|Any CPU = Debug|Any CPU
		Release|Any CPU = Release|Any CPU
	EndGlobalSection
	GlobalSection(ProjectConfigurationPlatforms) = postSolution
		{8AD46367-BF52-4E2D-9525-4F34720D3162}.Debug|Any CPU.ActiveCfg = Debug|Any CPU
		{8AD46367-BF52-4E2D-9525-4F34720D3162}.Debug|Any CPU.Build.0 = Debug|Any CPU
		{8AD46367-BF52-4E2D-9525-4F34720D3162}.Release|Any CPU.ActiveCfg = Release|Any CPU
		{8AD46367-BF52-4E2D-9525-4F34720D3162}.Release|Any CPU.Build.0 = Release|Any CPU
	EndGlobalSection
	GlobalSection(SolutionProperties) = preSolution
		HideSolutionNode = FALSE
	EndGlobalSection
	GlobalSection(ExtensibilityGlobals) = postSolution
		SolutionGuid = {D59B5889-43AA-4C08-B13B-99387905575B}
	EndGlobalSection
EndGlobal
